
Microsoft Visual Studio Solution File, Format Version 12.00
# Visual Studio Version 17
VisualStudioVersion = 17.14.36623.8 d17.14
MinimumVisualStudioVersion = 10.0.40219.1
Project("{2150E333-8FDC-42A3-9474-1A3956D46DE8}") = "src", "src", "{02EA681E-C7D8-13C7-8484-4AC65E1B71E8}"
EndProject
Project("{2150E333-8FDC-42A3-9474-1A3956D46DE8}") = "tests", "tests", "{9F5F4132-1BF0-4D92-979A-968E78E49CFB}"
EndProject
Project("{2150E333-8FDC-42A3-9474-1A3956D46DE8}") = "Backend", "Backend", "{ADEA767C-1E1F-4283-87EC-BF5930023F9B}"
EndProject
Project("{2150E333-8FDC-42A3-9474-1A3956D46DE8}") = "Shared", "Shared", "{DD615A94-5AA0-440D-8BE3-92EA5EDC7490}"
EndProject
Project("{FAE04EC0-301F-11D3-BF4B-00C04F79EFBC}") = "MyRecipeBook.API", "src\Backend\MyRecipeBook.API\MyRecipeBook.API.csproj", "{875933E1-DF44-4E5E-A918-3788A558E6D8}"
EndProject
Global
	GlobalSection(SolutionConfigurationPlatforms) = preSolution
		Debug|Any CPU = Debug|Any CPU
		Release|Any CPU = Release|Any CPU
	EndGlobalSection
	GlobalSection(ProjectConfigurationPlatforms) = postSolution
		{875933E1-DF44-4E5E-A918-3788A558E6D8}.Debug|Any CPU.ActiveCfg = Debug|Any CPU
		{875933E1-DF44-4E5E-A918-3788A558E6D8}.Debug|Any CPU.Build.0 = Debug|Any CPU
		{875933E1-DF44-4E5E-A918-3788A558E6D8}.Release|Any CPU.ActiveCfg = Release|Any CPU
		{875933E1-DF44-4E5E-A918-3788A558E6D8}.Release|Any CPU.Build.0 = Release|Any CPU
	EndGlobalSection
	GlobalSection(SolutionProperties) = preSolution
		HideSolutionNode = FALSE
	EndGlobalSection
	GlobalSection(NestedProjects) = preSolution
		{ADEA767C-1E1F-4283-87EC-BF5930023F9B} = {02EA681E-C7D8-13C7-8484-4AC65E1B71E8}
		{DD615A94-5AA0-440D-8BE3-92EA5EDC7490} = {02EA681E-C7D8-13C7-8484-4AC65E1B71E8}
		{875933E1-DF44-4E5E-A918-3788A558E6D8} = {ADEA767C-1E1F-4283-87EC-BF5930023F9B}
	EndGlobalSection
	GlobalSection(ExtensibilityGlobals) = postSolution
		SolutionGuid = {B9E3888C-BBE0-4A1A-8EBB-CCDEE05FDD78}
	EndGlobalSection
EndGlobal
